
Microsoft Visual Studio Solution File, Format Version 11.00
# Visual Studio 2010
Project("{FAE04EC0-301F-11D3-BF4B-00C04F79EFBC}") = "Assembly-CSharp", "Assembly-CSharp.csproj", "{A0928799-5DC3-4786-9E2D-AAFD52D2B171}"
EndProject
Project("{FAE04EC0-301F-11D3-BF4B-00C04F79EFBC}") = "SimpleWebTransport", "SimpleWebTransport.csproj", "{64576AB2-2169-34A1-A4FC-C274918F8355}"
EndProject
Project("{FAE04EC0-301F-11D3-BF4B-00C04F79EFBC}") = "Mirror", "Mirror.csproj", "{7C0EF5FD-3254-EAAA-F723-E0F98452D605}"
EndProject
Project("{FAE04EC0-301F-11D3-BF4B-00C04F79EFBC}") = "Telepathy", "Telepathy.csproj", "{3A40E4A6-F9F3-73B4-47E4-1990330ADCF4}"
EndProject
Project("{FAE04EC0-301F-11D3-BF4B-00C04F79EFBC}") = "Mirror.Cloud", "Mirror.Cloud.csproj", "{816438AE-32F6-9EBA-709E-2947EA154EA9}"
EndProject
Project("{FAE04EC0-301F-11D3-BF4B-00C04F79EFBC}") = "Mirror.Components", "Mirror.Components.csproj", "{AAA6D67A-0124-DDB9-102B-38D21583BCBD}"
EndProject
Project("{FAE04EC0-301F-11D3-BF4B-00C04F79EFBC}") = "Mirror.Examples", "Mirror.Examples.csproj", "{1A81BF00-315D-1D8A-2430-240CE26528C6}"
EndProject
Project("{FAE04EC0-301F-11D3-BF4B-00C04F79EFBC}") = "Mirror.Examples.Cloud.GUI", "Mirror.Examples.Cloud.GUI.csproj", "{968B6182-03E0-97BF-0FE7-D0CFEF15501F}"
EndProject
Project("{FAE04EC0-301F-11D3-BF4B-00C04F79EFBC}") = "kcp2k", "kcp2k.csproj", "{081A4497-C0C4-8464-B657-63FBC1DFE3F9}"
EndProject
Project("{FAE04EC0-301F-11D3-BF4B-00C04F79EFBC}") = "Mirror.Examples.Cloud.Pong", "Mirror.Examples.Cloud.Pong.csproj", "{25568B4B-2440-C340-04D9-C5DC7B13D5ED}"
EndProject
Project("{FAE04EC0-301F-11D3-BF4B-00C04F79EFBC}") = "Mirror.Authenticators", "Mirror.Authenticators.csproj", "{C14EE196-D6B0-698B-DD1A-957EEE850D53}"
EndProject
Project("{FAE04EC0-301F-11D3-BF4B-00C04F79EFBC}") = "Mirror.example.RigidbodyPhysics", "Mirror.example.RigidbodyPhysics.csproj", "{C33202D4-2B70-DEF5-744B-5C3AB5905EF0}"
EndProject
Project("{FAE04EC0-301F-11D3-BF4B-00C04F79EFBC}") = "Mirror.Weaver", "Mirror.Weaver.csproj", "{9033BD63-9D9A-C31E-A02D-91E97C4C95DE}"
EndProject
Project("{FAE04EC0-301F-11D3-BF4B-00C04F79EFBC}") = "Mirror.Editor", "Mirror.Editor.csproj", "{B60615A2-208A-4A57-C0D7-BA008339B051}"
EndProject
Project("{FAE04EC0-301F-11D3-BF4B-00C04F79EFBC}") = "Mirror.CompilerSymbols", "Mirror.CompilerSymbols.csproj", "{7EA280F1-BCD4-8A5E-CC30-6DDA95D9B97D}"
EndProject
Global
	GlobalSection(SolutionConfigurationPlatforms) = preSolution
		Debug|Any CPU = Debug|Any CPU
		Release|Any CPU = Release|Any CPU
	EndGlobalSection
	GlobalSection(ProjectConfigurationPlatforms) = postSolution
		{A0928799-5DC3-4786-9E2D-AAFD52D2B171}.Debug|Any CPU.ActiveCfg = Debug|Any CPU
		{A0928799-5DC3-4786-9E2D-AAFD52D2B171}.Debug|Any CPU.Build.0 = Debug|Any CPU
		{A0928799-5DC3-4786-9E2D-AAFD52D2B171}.Release|Any CPU.ActiveCfg = Release|Any CPU
		{A0928799-5DC3-4786-9E2D-AAFD52D2B171}.Release|Any CPU.Build.0 = Release|Any CPU
		{64576AB2-2169-34A1-A4FC-C274918F8355}.Debug|Any CPU.ActiveCfg = Debug|Any CPU
		{64576AB2-2169-34A1-A4FC-C274918F8355}.Debug|Any CPU.Build.0 = Debug|Any CPU
		{64576AB2-2169-34A1-A4FC-C274918F8355}.Release|Any CPU.ActiveCfg = Release|Any CPU
		{64576AB2-2169-34A1-A4FC-C274918F8355}.Release|Any CPU.Build.0 = Release|Any CPU
		{7C0EF5FD-3254-EAAA-F723-E0F98452D605}.Debug|Any CPU.ActiveCfg = Debug|Any CPU
		{7C0EF5FD-3254-EAAA-F723-E0F98452D605}.Debug|Any CPU.Build.0 = Debug|Any CPU
		{7C0EF5FD-3254-EAAA-F723-E0F98452D605}.Release|Any CPU.ActiveCfg = Release|Any CPU
		{7C0EF5FD-3254-EAAA-F723-E0F98452D605}.Release|Any CPU.Build.0 = Release|Any CPU
		{3A40E4A6-F9F3-73B4-47E4-1990330ADCF4}.Debug|Any CPU.ActiveCfg = Debug|Any CPU
		{3A40E4A6-F9F3-73B4-47E4-1990330ADCF4}.Debug|Any CPU.Build.0 = Debug|Any CPU
		{3A40E4A6-F9F3-73B4-47E4-1990330ADCF4}.Release|Any CPU.ActiveCfg = Release|Any CPU
		{3A40E4A6-F9F3-73B4-47E4-1990330ADCF4}.Release|Any CPU.Build.0 = Release|Any CPU
		{816438AE-32F6-9EBA-709E-2947EA154EA9}.Debug|Any CPU.ActiveCfg = Debug|Any CPU
		{816438AE-32F6-9EBA-709E-2947EA154EA9}.Debug|Any CPU.Build.0 = Debug|Any CPU
		{816438AE-32F6-9EBA-709E-2947EA154EA9}.Release|Any CPU.ActiveCfg = Release|Any CPU
		{816438AE-32F6-9EBA-709E-2947EA154EA9}.Release|Any CPU.Build.0 = Release|Any CPU
		{AAA6D67A-0124-DDB9-102B-38D21583BCBD}.Debug|Any CPU.ActiveCfg = Debug|Any CPU
		{AAA6D67A-0124-DDB9-102B-38D21583BCBD}.Debug|Any CPU.Build.0 = Debug|Any CPU
		{AAA6D67A-0124-DDB9-102B-38D21583BCBD}.Release|Any CPU.ActiveCfg = Release|Any CPU
		{AAA6D67A-0124-DDB9-102B-38D21583BCBD}.Release|Any CPU.Build.0 = Release|Any CPU
		{1A81BF00-315D-1D8A-2430-240CE26528C6}.Debug|Any CPU.ActiveCfg = Debug|Any CPU
		{1A81BF00-315D-1D8A-2430-240CE26528C6}.Debug|Any CPU.Build.0 = Debug|Any CPU
		{1A81BF00-315D-1D8A-2430-240CE26528C6}.Release|Any CPU.ActiveCfg = Release|Any CPU
		{1A81BF00-315D-1D8A-2430-240CE26528C6}.Release|Any CPU.Build.0 = Release|Any CPU
		{968B6182-03E0-97BF-0FE7-D0CFEF15501F}.Debug|Any CPU.ActiveCfg = Debug|Any CPU
		{968B6182-03E0-97BF-0FE7-D0CFEF15501F}.Debug|Any CPU.Build.0 = Debug|Any CPU
		{968B6182-03E0-97BF-0FE7-D0CFEF15501F}.Release|Any CPU.ActiveCfg = Release|Any CPU
		{968B6182-03E0-97BF-0FE7-D0CFEF15501F}.Release|Any CPU.Build.0 = Release|Any CPU
		{081A4497-C0C4-8464-B657-63FBC1DFE3F9}.Debug|Any CPU.ActiveCfg = Debug|Any CPU
		{081A4497-C0C4-8464-B657-63FBC1DFE3F9}.Debug|Any CPU.Build.0 = Debug|Any CPU
		{081A4497-C0C4-8464-B657-63FBC1DFE3F9}.Release|Any CPU.ActiveCfg = Release|Any CPU
		{081A4497-C0C4-8464-B657-63FBC1DFE3F9}.Release|Any CPU.Build.0 = Release|Any CPU
		{25568B4B-2440-C340-04D9-C5DC7B13D5ED}.Debug|Any CPU.ActiveCfg = Debug|Any CPU
		{25568B4B-2440-C340-04D9-C5DC7B13D5ED}.Debug|Any CPU.Build.0 = Debug|Any CPU
		{25568B4B-2440-C340-04D9-C5DC7B13D5ED}.Release|Any CPU.ActiveCfg = Release|Any CPU
		{25568B4B-2440-C340-04D9-C5DC7B13D5ED}.Release|Any CPU.Build.0 = Release|Any CPU
		{C14EE196-D6B0-698B-DD1A-957EEE850D53}.Debug|Any CPU.ActiveCfg = Debug|Any CPU
		{C14EE196-D6B0-698B-DD1A-957EEE850D53}.Debug|Any CPU.Build.0 = Debug|Any CPU
		{C14EE196-D6B0-698B-DD1A-957EEE850D53}.Release|Any CPU.ActiveCfg = Release|Any CPU
		{C14EE196-D6B0-698B-DD1A-957EEE850D53}.Release|Any CPU.Build.0 = Release|Any CPU
		{C33202D4-2B70-DEF5-744B-5C3AB5905EF0}.Debug|Any CPU.ActiveCfg = Debug|Any CPU
		{C33202D4-2B70-DEF5-744B-5C3AB5905EF0}.Debug|Any CPU.Build.0 = Debug|Any CPU
		{C33202D4-2B70-DEF5-744B-5C3AB5905EF0}.Release|Any CPU.ActiveCfg = Release|Any CPU
		{C33202D4-2B70-DEF5-744B-5C3AB5905EF0}.Release|Any CPU.Build.0 = Release|Any CPU
		{9033BD63-9D9A-C31E-A02D-91E97C4C95DE}.Debug|Any CPU.ActiveCfg = Debug|Any CPU
		{9033BD63-9D9A-C31E-A02D-91E97C4C95DE}.Debug|Any CPU.Build.0 = Debug|Any CPU
		{9033BD63-9D9A-C31E-A02D-91E97C4C95DE}.Release|Any CPU.ActiveCfg = Release|Any CPU
		{9033BD63-9D9A-C31E-A02D-91E97C4C95DE}.Release|Any CPU.Build.0 = Release|Any CPU
		{B60615A2-208A-4A57-C0D7-BA008339B051}.Debug|Any CPU.ActiveCfg = Debug|Any CPU
		{B60615A2-208A-4A57-C0D7-BA008339B051}.Debug|Any CPU.Build.0 = Debug|Any CPU
		{B60615A2-208A-4A57-C0D7-BA008339B051}.Release|Any CPU.ActiveCfg = Release|Any CPU
		{B60615A2-208A-4A57-C0D7-BA008339B051}.Release|Any CPU.Build.0 = Release|Any CPU
		{7EA280F1-BCD4-8A5E-CC30-6DDA95D9B97D}.Debug|Any CPU.ActiveCfg = Debug|Any CPU
		{7EA280F1-BCD4-8A5E-CC30-6DDA95D9B97D}.Debug|Any CPU.Build.0 = Debug|Any CPU
		{7EA280F1-BCD4-8A5E-CC30-6DDA95D9B97D}.Release|Any CPU.ActiveCfg = Release|Any CPU
		{7EA280F1-BCD4-8A5E-CC30-6DDA95D9B97D}.Release|Any CPU.Build.0 = Release|Any CPU
	EndGlobalSection
	GlobalSection(SolutionProperties) = preSolution
		HideSolutionNode = FALSE
	EndGlobalSection
EndGlobal
