
Microsoft Visual Studio Solution File, Format Version 11.00
# Visual Studio 2010
Project("{FAE04EC0-301F-11D3-BF4B-00C04F79EFBC}") = "Assembly-CSharp", "Assembly-CSharp.csproj", "{A0928799-5DC3-4786-9E2D-AAFD52D2B171}"
EndProject
Global
	GlobalSection(SolutionConfigurationPlatforms) = preSolution
		Debug|Any CPU = Debug|Any CPU
		Release|Any CPU = Release|Any CPU
	EndGlobalSection
	GlobalSection(ProjectConfigurationPlatforms) = postSolution
		{A0928799-5DC3-4786-9E2D-AAFD52D2B171}.Debug|Any CPU.ActiveCfg = Debug|Any CPU
		{A0928799-5DC3-4786-9E2D-AAFD52D2B171}.Debug|Any CPU.Build.0 = Debug|Any CPU
		{A0928799-5DC3-4786-9E2D-AAFD52D2B171}.Release|Any CPU.ActiveCfg = Release|Any CPU
		{A0928799-5DC3-4786-9E2D-AAFD52D2B171}.Release|Any CPU.Build.0 = Release|Any CPU
	EndGlobalSection
	GlobalSection(SolutionProperties) = preSolution
		HideSolutionNode = FALSE
	EndGlobalSection
EndGlobal
